
Microsoft Visual Studio Solution File, Format Version 12.00
# Visual Studio Version 17
VisualStudioVersion = 17.10.35013.160
MinimumVisualStudioVersion = 10.0.40219.1
Project("{FAE04EC0-301F-11D3-BF4B-00C04F79EFBC}") = "ExpenseApp", "ExpenseApp\ExpenseApp.csproj", "{147E81CA-780E-4659-8191-0DC907140460}"
EndProject
Global
	GlobalSection(SolutionConfigurationPlatforms) = preSolution
		Debug|Any CPU = Debug|Any CPU
		Release|Any CPU = Release|Any CPU
	EndGlobalSection
	GlobalSection(ProjectConfigurationPlatforms) = postSolution
		{147E81CA-780E-4659-8191-0DC907140460}.Debug|Any CPU.ActiveCfg = Debug|Any CPU
		{147E81CA-780E-4659-8191-0DC907140460}.Debug|Any CPU.Build.0 = Debug|Any CPU
		{147E81CA-780E-4659-8191-0DC907140460}.Release|Any CPU.ActiveCfg = Release|Any CPU
		{147E81CA-780E-4659-8191-0DC907140460}.Release|Any CPU.Build.0 = Release|Any CPU
	EndGlobalSection
	GlobalSection(SolutionProperties) = preSolution
		HideSolutionNode = FALSE
	EndGlobalSection
	GlobalSection(ExtensibilityGlobals) = postSolution
		SolutionGuid = {51BE65BF-6C80-435C-B978-DF98AA0B280E}
	EndGlobalSection
EndGlobal
